// !$*UTF8*$!
{
	archiveVersion = 1;
	classes = {
	};
	objectVersion = 50;
	objects = {

/* Begin PBXBuildFile section */
		ABFD8D0824D41C2A0010B850 /* AppDelegate.swift in Sources */ = {isa = PBXBuildFile; fileRef = ABFD8D0724D41C2A0010B850 /* AppDelegate.swift */; };
		ABFD8D0A24D41C2A0010B850 /* SceneDelegate.swift in Sources */ = {isa = PBXBuildFile; fileRef = ABFD8D0924D41C2A0010B850 /* SceneDelegate.swift */; };
		ABFD8D0C24D41C2A0010B850 /* ContentView.swift in Sources */ = {isa = PBXBuildFile; fileRef = ABFD8D0B24D41C2A0010B850 /* ContentView.swift */; };
		ABFD8D0E24D41C2C0010B850 /* Assets.xcassets in Resources */ = {isa = PBXBuildFile; fileRef = ABFD8D0D24D41C2C0010B850 /* Assets.xcassets */; };
		ABFD8D1124D41C2C0010B850 /* Preview Assets.xcassets in Resources */ = {isa = PBXBuildFile; fileRef = ABFD8D1024D41C2C0010B850 /* Preview Assets.xcassets */; };
		ABFD8D1424D41C2C0010B850 /* LaunchScreen.storyboard in Resources */ = {isa = PBXBuildFile; fileRef = ABFD8D1224D41C2C0010B850 /* LaunchScreen.storyboard */; };
/* End PBXBuildFile section */

/* Begin PBXFileReference section */
		ABFD8D0424D41C2A0010B850 /* silhouette.app */ = {isa = PBXFileReference; explicitFileType = wrapper.application; includeInIndex = 0; path = silhouette.app; sourceTree = BUILT_PRODUCTS_DIR; };
		ABFD8D0724D41C2A0010B850 /* AppDelegate.swift */ = {isa = PBXFileReference; lastKnownFileType = sourcecode.swift; path = AppDelegate.swift; sourceTree = "<group>"; };
		ABFD8D0924D41C2A0010B850 /* SceneDelegate.swift */ = {isa = PBXFileReference; lastKnownFileType = sourcecode.swift; path = SceneDelegate.swift; sourceTree = "<group>"; };
		ABFD8D0B24D41C2A0010B850 /* ContentView.swift */ = {isa = PBXFileReference; lastKnownFileType = sourcecode.swift; path = ContentView.swift; sourceTree = "<group>"; };
		ABFD8D0D24D41C2C0010B850 /* Assets.xcassets */ = {isa = PBXFileReference; lastKnownFileType = folder.assetcatalog; path = Assets.xcassets; sourceTree = "<group>"; };
		ABFD8D1024D41C2C0010B850 /* Preview Assets.xcassets */ = {isa = PBXFileReference; lastKnownFileType = folder.assetcatalog; path = "Preview Assets.xcassets"; sourceTree = "<group>"; };
		ABFD8D1324D41C2C0010B850 /* Base */ = {isa = PBXFileReference; lastKnownFileType = file.storyboard; name = Base; path = Base.lproj/LaunchScreen.storyboard; sourceTree = "<group>"; };
		ABFD8D1524D41C2C0010B850 /* Info.plist */ = {isa = PBXFileReference; lastKnownFileType = text.plist.xml; path = Info.plist; sourceTree = "<group>"; };
/* End PBXFileReference section */

/* Begin PBXFrameworksBuildPhase section */
		ABFD8D0124D41C2A0010B850 /* Frameworks */ = {
			isa = PBXFrameworksBuildPhase;
			buildActionMask = 2147483647;
			files = (
			);
			runOnlyForDeploymentPostprocessing = 0;
		};
/* End PBXFrameworksBuildPhase section */

/* Begin PBXGroup section */
		ABFD8CFB24D41C2A0010B850 = {
			isa = PBXGroup;
			children = (
				ABFD8D0624D41C2A0010B850 /* silhouette */,
				ABFD8D0524D41C2A0010B850 /* Products */,
			);
			sourceTree = "<group>";
		};
		ABFD8D0524D41C2A0010B850 /* Products */ = {
			isa = PBXGroup;
			children = (
				ABFD8D0424D41C2A0010B850 /* silhouette.app */,
			);
			name = Products;
			sourceTree = "<group>";
		};
		ABFD8D0624D41C2A0010B850 /* silhouette */ = {
			isa = PBXGroup;
			children = (
				ABFD8D0724D41C2A0010B850 /* AppDelegate.swift */,
				ABFD8D0924D41C2A0010B850 /* SceneDelegate.swift */,
				ABFD8D0B24D41C2A0010B850 /* ContentView.swift */,
				ABFD8D0D24D41C2C0010B850 /* Assets.xcassets */,
				ABFD8D1224D41C2C0010B850 /* LaunchScreen.storyboard */,
				ABFD8D1524D41C2C0010B850 /* Info.plist */,
				ABFD8D0F24D41C2C0010B850 /* Preview Content */,
			);
			path = silhouette;
			sourceTree = "<group>";
		};
		ABFD8D0F24D41C2C0010B850 /* Preview Content */ = {
			isa = PBXGroup;
			children = (
				ABFD8D1024D41C2C0010B850 /* Preview Assets.xcassets */,
			);
			path = "Preview Content";
			sourceTree = "<group>";
		};
/* End PBXGroup section */

/* Begin PBXNativeTarget section */
		ABFD8D0324D41C2A0010B850 /* silhouette */ = {
			isa = PBXNativeTarget;
			buildConfigurationList = ABFD8D1824D41C2C0010B850 /* Build configuration list for PBXNativeTarget "silhouette" */;
			buildPhases = (
				ABFD8D0024D41C2A0010B850 /* Sources */,
				ABFD8D0124D41C2A0010B850 /* Frameworks */,
				ABFD8D0224D41C2A0010B850 /* Resources */,
			);
			buildRules = (
			);
			dependencies = (
			);
			name = silhouette;
			productName = silhouette;
			productReference = ABFD8D0424D41C2A0010B850 /* silhouette.app */;
			productType = "com.apple.product-type.application";
		};
/* End PBXNativeTarget section */

/* Begin PBXProject section */
		ABFD8CFC24D41C2A0010B850 /* Project object */ = {
			isa = PBXProject;
			attributes = {
				LastSwiftUpdateCheck = 1200;
				LastUpgradeCheck = 1200;
				TargetAttributes = {
					ABFD8D0324D41C2A0010B850 = {
						CreatedOnToolsVersion = 12.0;
					};
				};
			};
			buildConfigurationList = ABFD8CFF24D41C2A0010B850 /* Build configuration list for PBXProject "silhouette" */;
			compatibilityVersion = "Xcode 9.3";
			developmentRegion = en;
			hasScannedForEncodings = 0;
			knownRegions = (
				en,
				Base,
			);
			mainGroup = ABFD8CFB24D41C2A0010B850;
			productRefGroup = ABFD8D0524D41C2A0010B850 /* Products */;
			projectDirPath = "";
			projectRoot = "";
			targets = (
				ABFD8D0324D41C2A0010B850 /* silhouette */,
			);
		};
/* End PBXProject section */

/* Begin PBXResourcesBuildPhase section */
		ABFD8D0224D41C2A0010B850 /* Resources */ = {
			isa = PBXResourcesBuildPhase;
			buildActionMask = 2147483647;
			files = (
				ABFD8D1424D41C2C0010B850 /* LaunchScreen.storyboard in Resources */,
				ABFD8D1124D41C2C0010B850 /* Preview Assets.xcassets in Resources */,
				ABFD8D0E24D41C2C0010B850 /* Assets.xcassets in Resources */,
			);
			runOnlyForDeploymentPostprocessing = 0;
		};
/* End PBXResourcesBuildPhase section */

/* Begin PBXSourcesBuildPhase section */
		ABFD8D0024D41C2A0010B850 /* Sources */ = {
			isa = PBXSourcesBuildPhase;
			buildActionMask = 2147483647;
			files = (
				ABFD8D0824D41C2A0010B850 /* AppDelegate.swift in Sources */,
				ABFD8D0A24D41C2A0010B850 /* SceneDelegate.swift in Sources */,
				ABFD8D0C24D41C2A0010B850 /* ContentView.swift in Sources */,
			);
			runOnlyForDeploymentPostprocessing = 0;
		};
/* End PBXSourcesBuildPhase section */

/* Begin PBXVariantGroup section */
		ABFD8D1224D41C2C0010B850 /* LaunchScreen.storyboard */ = {
			isa = PBXVariantGroup;
			children = (
				ABFD8D1324D41C2C0010B850 /* Base */,
			);
			name = LaunchScreen.storyboard;
			sourceTree = "<group>";
		};
/* End PBXVariantGroup section */

/* Begin XCBuildConfiguration section */
		ABFD8D1624D41C2C0010B850 /* Debug */ = {
			isa = XCBuildConfiguration;
			buildSettings = {
				ALWAYS_SEARCH_USER_PATHS = NO;
				CLANG_ANALYZER_NONNULL = YES;
				CLANG_ANALYZER_NUMBER_OBJECT_CONVERSION = YES_AGGRESSIVE;
				CLANG_CXX_LANGUAGE_STANDARD = "gnu++14";
				CLANG_CXX_LIBRARY = "libc++";
				CLANG_ENABLE_MODULES = YES;
				CLANG_ENABLE_OBJC_ARC = YES;
				CLANG_ENABLE_OBJC_WEAK = YES;
				CLANG_WARN_BLOCK_CAPTURE_AUTORELEASING = YES;
				CLANG_WARN_BOOL_CONVERSION = YES;
				CLANG_WARN_COMMA = YES;
				CLANG_WARN_CONSTANT_CONVERSION = YES;
				CLANG_WARN_DEPRECATED_OBJC_IMPLEMENTATIONS = YES;
				CLANG_WARN_DIRECT_OBJC_ISA_USAGE = YES_ERROR;
				CLANG_WARN_DOCUMENTATION_COMMENTS = YES;
				CLANG_WARN_EMPTY_BODY = YES;
				CLANG_WARN_ENUM_CONVERSION = YES;
				CLANG_WARN_INFINITE_RECURSION = YES;
				CLANG_WARN_INT_CONVERSION = YES;
				CLANG_WARN_NON_LITERAL_NULL_CONVERSION = YES;
				CLANG_WARN_OBJC_IMPLICIT_RETAIN_SELF = YES;
				CLANG_WARN_OBJC_LITERAL_CONVERSION = YES;
				CLANG_WARN_OBJC_ROOT_CLASS = YES_ERROR;
				CLANG_WARN_QUOTED_INCLUDE_IN_FRAMEWORK_HEADER = YES;
				CLANG_WARN_RANGE_LOOP_ANALYSIS = YES;
				CLANG_WARN_STRICT_PROTOTYPES = YES;
				CLANG_WARN_SUSPICIOUS_MOVE = YES;
				CLANG_WARN_UNGUARDED_AVAILABILITY = YES_AGGRESSIVE;
				CLANG_WARN_UNREACHABLE_CODE = YES;
				CLANG_WARN__DUPLICATE_METHOD_MATCH = YES;
				COPY_PHASE_STRIP = NO;
				DEBUG_INFORMATION_FORMAT = dwarf;
				ENABLE_STRICT_OBJC_MSGSEND = YES;
				ENABLE_TESTABILITY = YES;
				GCC_C_LANGUAGE_STANDARD = gnu11;
				GCC_DYNAMIC_NO_PIC = NO;
				GCC_NO_COMMON_BLOCKS = YES;
				GCC_OPTIMIZATION_LEVEL = 0;
				GCC_PREPROCESSOR_DEFINITIONS = (
					"DEBUG=1",
					"$(inherited)",
				);
				GCC_WARN_64_TO_32_BIT_CONVERSION = YES;
				GCC_WARN_ABOUT_RETURN_TYPE = YES_ERROR;
				GCC_WARN_UNDECLARED_SELECTOR = YES;
				GCC_WARN_UNINITIALIZED_AUTOS = YES_AGGRESSIVE;
				GCC_WARN_UNUSED_FUNCTION = YES;
				GCC_WARN_UNUSED_VARIABLE = YES;
				IPHONEOS_DEPLOYMENT_TARGET = 14.0;
				MTL_ENABLE_DEBUG_INFO = INCLUDE_SOURCE;
				MTL_FAST_MATH = YES;
				ONLY_ACTIVE_ARCH = YES;
				SDKROOT = iphoneos;
				SWIFT_ACTIVE_COMPILATION_CONDITIONS = DEBUG;
				SWIFT_OPTIMIZATION_LEVEL = "-Onone";
			};
			name = Debug;
		};
		ABFD8D1724D41C2C0010B850 /* Release */ = {
			isa = XCBuildConfiguration;
			buildSettings = {
				ALWAYS_SEARCH_USER_PATHS = NO;
				CLANG_ANALYZER_NONNULL = YES;
				CLANG_ANALYZER_NUMBER_OBJECT_CONVERSION = YES_AGGRESSIVE;
				CLANG_CXX_LANGUAGE_STANDARD = "gnu++14";
				CLANG_CXX_LIBRARY = "libc++";
				CLANG_ENABLE_MODULES = YES;
				CLANG_ENABLE_OBJC_ARC = YES;
				CLANG_ENABLE_OBJC_WEAK = YES;
				CLANG_WARN_BLOCK_CAPTURE_AUTORELEASING = YES;
				CLANG_WARN_BOOL_CONVERSION = YES;
				CLANG_WARN_COMMA = YES;
				CLANG_WARN_CONSTANT_CONVERSION = YES;
				CLANG_WARN_DEPRECATED_OBJC_IMPLEMENTATIONS = YES;
				CLANG_WARN_DIRECT_OBJC_ISA_USAGE = YES_ERROR;
				CLANG_WARN_DOCUMENTATION_COMMENTS = YES;
				CLANG_WARN_EMPTY_BODY = YES;
				CLANG_WARN_ENUM_CONVERSION = YES;
				CLANG_WARN_INFINITE_RECURSION = YES;
				CLANG_WARN_INT_CONVERSION = YES;
				CLANG_WARN_NON_LITERAL_NULL_CONVERSION = YES;
				CLANG_WARN_OBJC_IMPLICIT_RETAIN_SELF = YES;
				CLANG_WARN_OBJC_LITERAL_CONVERSION = YES;
				CLANG_WARN_OBJC_ROOT_CLASS = YES_ERROR;
				CLANG_WARN_QUOTED_INCLUDE_IN_FRAMEWORK_HEADER = YES;
				CLANG_WARN_RANGE_LOOP_ANALYSIS = YES;
				CLANG_WARN_STRICT_PROTOTYPES = YES;
				CLANG_WARN_SUSPICIOUS_MOVE = YES;
				CLANG_WARN_UNGUARDED_AVAILABILITY = YES_AGGRESSIVE;
				CLANG_WARN_UNREACHABLE_CODE = YES;
				CLANG_WARN__DUPLICATE_METHOD_MATCH = YES;
				COPY_PHASE_STRIP = NO;
				DEBUG_INFORMATION_FORMAT = "dwarf-with-dsym";
				ENABLE_NS_ASSERTIONS = NO;
				ENABLE_STRICT_OBJC_MSGSEND = YES;
				GCC_C_LANGUAGE_STANDARD = gnu11;
				GCC_NO_COMMON_BLOCKS = YES;
				GCC_WARN_64_TO_32_BIT_CONVERSION = YES;
				GCC_WARN_ABOUT_RETURN_TYPE = YES_ERROR;
				GCC_WARN_UNDECLARED_SELECTOR = YES;
				GCC_WARN_UNINITIALIZED_AUTOS = YES_AGGRESSIVE;
				GCC_WARN_UNUSED_FUNCTION = YES;
				GCC_WARN_UNUSED_VARIABLE = YES;
				IPHONEOS_DEPLOYMENT_TARGET = 14.0;
				MTL_ENABLE_DEBUG_INFO = NO;
				MTL_FAST_MATH = YES;
				SDKROOT = iphoneos;
				SWIFT_COMPILATION_MODE = wholemodule;
				SWIFT_OPTIMIZATION_LEVEL = "-O";
				VALIDATE_PRODUCT = YES;
			};
			name = Release;
		};
		ABFD8D1924D41C2C0010B850 /* Debug */ = {
			isa = XCBuildConfiguration;
			buildSettings = {
				ASSETCATALOG_COMPILER_APPICON_NAME = AppIcon;
				ASSETCATALOG_COMPILER_GLOBAL_ACCENT_COLOR_NAME = AccentColor;
				CODE_SIGN_STYLE = Automatic;
				DEVELOPMENT_ASSET_PATHS = "\"silhouette/Preview Content\"";
				DEVELOPMENT_TEAM = D32SCUNMH5;
				ENABLE_PREVIEWS = YES;
				INFOPLIST_FILE = silhouette/Info.plist;
				LD_RUNPATH_SEARCH_PATHS = (
					"$(inherited)",
					"@executable_path/Frameworks",
				);
				PRODUCT_BUNDLE_IDENTIFIER = com.emma.silhouette;
				PRODUCT_NAME = "$(TARGET_NAME)";
				SWIFT_VERSION = 5.0;
				TARGETED_DEVICE_FAMILY = "1,2";
			};
			name = Debug;
		};
		ABFD8D1A24D41C2C0010B850 /* Release */ = {
			isa = XCBuildConfiguration;
			buildSettings = {
				ASSETCATALOG_COMPILER_APPICON_NAME = AppIcon;
				ASSETCATALOG_COMPILER_GLOBAL_ACCENT_COLOR_NAME = AccentColor;
				CODE_SIGN_STYLE = Automatic;
				DEVELOPMENT_ASSET_PATHS = "\"silhouette/Preview Content\"";
				DEVELOPMENT_TEAM = D32SCUNMH5;
				ENABLE_PREVIEWS = YES;
				INFOPLIST_FILE = silhouette/Info.plist;
				LD_RUNPATH_SEARCH_PATHS = (
					"$(inherited)",
					"@executable_path/Frameworks",
				);
				PRODUCT_BUNDLE_IDENTIFIER = com.emma.silhouette;
				PRODUCT_NAME = "$(TARGET_NAME)";
				SWIFT_VERSION = 5.0;
				TARGETED_DEVICE_FAMILY = "1,2";
			};
			name = Release;
		};
/* End XCBuildConfiguration section */

/* Begin XCConfigurationList section */
		ABFD8CFF24D41C2A0010B850 /* Build configuration list for PBXProject "silhouette" */ = {
			isa = XCConfigurationList;
			buildConfigurations = (
				ABFD8D1624D41C2C0010B850 /* Debug */,
				ABFD8D1724D41C2C0010B850 /* Release */,
			);
			defaultConfigurationIsVisible = 0;
			defaultConfigurationName = Release;
		};
		ABFD8D1824D41C2C0010B850 /* Build configuration list for PBXNativeTarget "silhouette" */ = {
			isa = XCConfigurationList;
			buildConfigurations = (
				ABFD8D1924D41C2C0010B850 /* Debug */,
				ABFD8D1A24D41C2C0010B850 /* Release */,
			);
			defaultConfigurationIsVisible = 0;
			defaultConfigurationName = Release;
		};
/* End XCConfigurationList section */
	};
	rootObject = ABFD8CFC24D41C2A0010B850 /* Project object */;
}
